{
    "_readme": [
        "This file locks the dependencies of your project to a known state",
        "Read more about it at https://getcomposer.org/doc/01-basic-usage.md#installing-dependencies",
        "This file is @generated automatically"
    ],
    "content-hash": "64c805ed9fa13f91360d407992a28126",
    "packages": [
        {
            "name": "ryzen/db-builder",
            "version": "v1.0.1",
            "source": {
                "type": "git",
                "url": "https://github.com/r-y-z-e-n/db-builder.git",
                "reference": "2512a6bb2b27f07a5d8c117a39159eb19ddee8b1"
            },
            "dist": {
                "type": "zip",
                "url": "https://api.github.com/repos/r-y-z-e-n/db-builder/zipball/2512a6bb2b27f07a5d8c117a39159eb19ddee8b1",
                "reference": "2512a6bb2b27f07a5d8c117a39159eb19ddee8b1",
                "shasum": ""
            },
            "type": "library",
            "autoload": {
                "psr-4": {
                    "Ryzen\\DbBuilder\\": "src/"
                }
            },
            "notification-url": "https://packagist.org/downloads/",
            "license": [
                "MIT"
            ],
            "authors": [
                {
                    "name": "Raju Choudhary",
                    "email": "razoo.choudhary@gmail.com"
                }
            ],
            "description": "Powerful, Optimized Query Builder For Your PHP projects",
            "support": {
                "issues": "https://github.com/r-y-z-e-n/db-builder/issues",
                "source": "https://github.com/r-y-z-e-n/db-builder/tree/v1.0.1"
            },
            "time": "2021-07-17T07:36:25+00:00"
        },
        {
            "name": "ryzen/oauth",
            "version": "v1.0.0",
            "source": {
                "type": "git",
                "url": "https://github.com/r-y-z-e-n/php-oauth.git",
                "reference": "86c942efd50e0413cffdc205148de61b9d6344ec"
            },
            "dist": {
                "type": "zip",
                "url": "https://api.github.com/repos/r-y-z-e-n/php-oauth/zipball/86c942efd50e0413cffdc205148de61b9d6344ec",
                "reference": "86c942efd50e0413cffdc205148de61b9d6344ec",
                "shasum": ""
            },
            "type": "library",
            "autoload": {
                "psr-4": {
                    "Ryzen\\Oauth\\": "src/"
                }
            },
            "notification-url": "https://packagist.org/downloads/",
            "license": [
                "MIT"
            ],
            "authors": [
                {
                    "name": "Ry-Zen, Inc.",
                    "email": "razoo.choudhary@gmail.com"
                }
            ],
            "support": {
                "issues": "https://github.com/r-y-z-e-n/php-oauth/issues",
                "source": "https://github.com/r-y-z-e-n/php-oauth/tree/v1.0.0"
            },
            "time": "2021-08-19T08:13:48+00:00"
        }
    ],
    "packages-dev": [],
    "aliases": [],
    "minimum-stability": "stable",
    "stability-flags": [],
    "prefer-stable": false,
    "prefer-lowest": false,
    "platform": [],
    "platform-dev": [],
    "plugin-api-version": "2.1.0"
}
